
Microsoft Visual Studio Solution File, Format Version 12.00
# Visual Studio 2013
VisualStudioVersion = 12.0.30723.0
MinimumVisualStudioVersion = 10.0.40219.1
Project("{FAE04EC0-301F-11D3-BF4B-00C04F79EFBC}") = "GorillaDocs", "GorillaDocs\GorillaDocs.csproj", "{1EB8B9CC-0D78-4B5C-8AE5-4FFE07914D69}"
EndProject
Project("{FAE04EC0-301F-11D3-BF4B-00C04F79EFBC}") = "GorillaDocs.Tests", "GorillaDocs.Tests\GorillaDocs.Tests.csproj", "{6F82FE27-698B-403F-91E6-E0D84265FA0D}"
EndProject
Project("{FAE04EC0-301F-11D3-BF4B-00C04F79EFBC}") = "GorillaDocs.Specs", "GorillaDocs.Specs\GorillaDocs.Specs.csproj", "{9E505556-B04B-4FD5-BAB6-C37AD06392FF}"
EndProject
Project("{2150E333-8FDC-42A3-9474-1A3956D46DE8}") = "Tests", "Tests", "{9B34F906-ED5B-4ADC-8CC8-0F4FABD45E60}"
EndProject
Project("{2150E333-8FDC-42A3-9474-1A3956D46DE8}") = ".nuget", ".nuget", "{A6D8E8DF-3D9C-4AD4-A87D-2AF019A62099}"
	ProjectSection(SolutionItems) = preProject
		.nuget\packages.config = .nuget\packages.config
	EndProjectSection
EndProject
Project("{FAE04EC0-301F-11D3-BF4B-00C04F79EFBC}") = "GorillaDocs.SharePoint", "GorillaDocs.SharePoint\GorillaDocs.SharePoint.csproj", "{20DD4ADF-7C29-4ECA-BB67-538A0B4C0814}"
EndProject
Project("{FAE04EC0-301F-11D3-BF4B-00C04F79EFBC}") = "GorillaDocs.IntegrationTests", "GorillaDocs.IntegrationTests\GorillaDocs.IntegrationTests.csproj", "{5FE8E566-CD5A-46E7-A03F-1264FC1EF89E}"
EndProject
Project("{FAE04EC0-301F-11D3-BF4B-00C04F79EFBC}") = "GorillaDocs.Word", "GorillaDocs.Word\GorillaDocs.Word.csproj", "{A4B9784B-C873-4E3D-B2E1-7503EF9551F7}"
EndProject
Project("{FAE04EC0-301F-11D3-BF4B-00C04F79EFBC}") = "GorillaDocs.SharePoint35", "GorillaDocs.SharePoint35\GorillaDocs.SharePoint35.csproj", "{983ADD3E-ED60-4084-9BC2-CCF4ED6C624C}"
EndProject
Project("{FAE04EC0-301F-11D3-BF4B-00C04F79EFBC}") = "GorillaDocs.Console", "GorillaDocs.Console\GorillaDocs.Console.csproj", "{66C8E7A0-A4B1-410D-9E73-ECEDA0A9DD10}"
	ProjectSection(ProjectDependencies) = postProject
		{A4B9784B-C873-4E3D-B2E1-7503EF9551F7} = {A4B9784B-C873-4E3D-B2E1-7503EF9551F7}
		{1EB8B9CC-0D78-4B5C-8AE5-4FFE07914D69} = {1EB8B9CC-0D78-4B5C-8AE5-4FFE07914D69}
	EndProjectSection
EndProject
Global
	GlobalSection(SolutionConfigurationPlatforms) = preSolution
		Debug|Any CPU = Debug|Any CPU
		Release|Any CPU = Release|Any CPU
	EndGlobalSection
	GlobalSection(ProjectConfigurationPlatforms) = postSolution
		{1EB8B9CC-0D78-4B5C-8AE5-4FFE07914D69}.Debug|Any CPU.ActiveCfg = Debug|Any CPU
		{1EB8B9CC-0D78-4B5C-8AE5-4FFE07914D69}.Debug|Any CPU.Build.0 = Debug|Any CPU
		{1EB8B9CC-0D78-4B5C-8AE5-4FFE07914D69}.Release|Any CPU.ActiveCfg = Release|Any CPU
		{1EB8B9CC-0D78-4B5C-8AE5-4FFE07914D69}.Release|Any CPU.Build.0 = Release|Any CPU
		{6F82FE27-698B-403F-91E6-E0D84265FA0D}.Debug|Any CPU.ActiveCfg = Debug|Any CPU
		{6F82FE27-698B-403F-91E6-E0D84265FA0D}.Debug|Any CPU.Build.0 = Debug|Any CPU
		{6F82FE27-698B-403F-91E6-E0D84265FA0D}.Release|Any CPU.ActiveCfg = Release|Any CPU
		{6F82FE27-698B-403F-91E6-E0D84265FA0D}.Release|Any CPU.Build.0 = Release|Any CPU
		{9E505556-B04B-4FD5-BAB6-C37AD06392FF}.Debug|Any CPU.ActiveCfg = Debug|Any CPU
		{9E505556-B04B-4FD5-BAB6-C37AD06392FF}.Debug|Any CPU.Build.0 = Debug|Any CPU
		{9E505556-B04B-4FD5-BAB6-C37AD06392FF}.Release|Any CPU.ActiveCfg = Release|Any CPU
		{9E505556-B04B-4FD5-BAB6-C37AD06392FF}.Release|Any CPU.Build.0 = Release|Any CPU
		{20DD4ADF-7C29-4ECA-BB67-538A0B4C0814}.Debug|Any CPU.ActiveCfg = Debug|Any CPU
		{20DD4ADF-7C29-4ECA-BB67-538A0B4C0814}.Debug|Any CPU.Build.0 = Debug|Any CPU
		{20DD4ADF-7C29-4ECA-BB67-538A0B4C0814}.Release|Any CPU.ActiveCfg = Release|Any CPU
		{20DD4ADF-7C29-4ECA-BB67-538A0B4C0814}.Release|Any CPU.Build.0 = Release|Any CPU
		{5FE8E566-CD5A-46E7-A03F-1264FC1EF89E}.Debug|Any CPU.ActiveCfg = Debug|Any CPU
		{5FE8E566-CD5A-46E7-A03F-1264FC1EF89E}.Debug|Any CPU.Build.0 = Debug|Any CPU
		{5FE8E566-CD5A-46E7-A03F-1264FC1EF89E}.Release|Any CPU.ActiveCfg = Release|Any CPU
		{5FE8E566-CD5A-46E7-A03F-1264FC1EF89E}.Release|Any CPU.Build.0 = Release|Any CPU
		{A4B9784B-C873-4E3D-B2E1-7503EF9551F7}.Debug|Any CPU.ActiveCfg = Debug|Any CPU
		{A4B9784B-C873-4E3D-B2E1-7503EF9551F7}.Debug|Any CPU.Build.0 = Debug|Any CPU
		{A4B9784B-C873-4E3D-B2E1-7503EF9551F7}.Release|Any CPU.ActiveCfg = Release|Any CPU
		{A4B9784B-C873-4E3D-B2E1-7503EF9551F7}.Release|Any CPU.Build.0 = Release|Any CPU
		{983ADD3E-ED60-4084-9BC2-CCF4ED6C624C}.Debug|Any CPU.ActiveCfg = Debug|Any CPU
		{983ADD3E-ED60-4084-9BC2-CCF4ED6C624C}.Debug|Any CPU.Build.0 = Debug|Any CPU
		{983ADD3E-ED60-4084-9BC2-CCF4ED6C624C}.Release|Any CPU.ActiveCfg = Release|Any CPU
		{983ADD3E-ED60-4084-9BC2-CCF4ED6C624C}.Release|Any CPU.Build.0 = Release|Any CPU
		{66C8E7A0-A4B1-410D-9E73-ECEDA0A9DD10}.Debug|Any CPU.ActiveCfg = Debug|Any CPU
		{66C8E7A0-A4B1-410D-9E73-ECEDA0A9DD10}.Debug|Any CPU.Build.0 = Debug|Any CPU
		{66C8E7A0-A4B1-410D-9E73-ECEDA0A9DD10}.Release|Any CPU.ActiveCfg = Release|Any CPU
		{66C8E7A0-A4B1-410D-9E73-ECEDA0A9DD10}.Release|Any CPU.Build.0 = Release|Any CPU
	EndGlobalSection
	GlobalSection(SolutionProperties) = preSolution
		HideSolutionNode = FALSE
	EndGlobalSection
	GlobalSection(NestedProjects) = preSolution
		{6F82FE27-698B-403F-91E6-E0D84265FA0D} = {9B34F906-ED5B-4ADC-8CC8-0F4FABD45E60}
		{9E505556-B04B-4FD5-BAB6-C37AD06392FF} = {9B34F906-ED5B-4ADC-8CC8-0F4FABD45E60}
		{5FE8E566-CD5A-46E7-A03F-1264FC1EF89E} = {9B34F906-ED5B-4ADC-8CC8-0F4FABD45E60}
		{66C8E7A0-A4B1-410D-9E73-ECEDA0A9DD10} = {9B34F906-ED5B-4ADC-8CC8-0F4FABD45E60}
	EndGlobalSection
EndGlobal
